Microsoft Visual Studio Solution File, Format Version 12.00
# Visual Studio Version 17
VisualStudioVersion = 17.5.2.0
MinimumVisualStudioVersion = 10.0.40219.1
Project("{FAE04EC0-301F-11D3-BF4B-00C04F79EFBC}") = "TwoWordsApi", "TwoWordsApi\TwoWordsApi.csproj", "{66C7F7C7-750A-FB0B-BA92-08A3E68A017E}"
EndProject
Project("{FAE04EC0-301F-11D3-BF4B-00C04F79EFBC}") = "TwoWordsApi.Tests", "TwoWordsApi.Tests\TwoWordsApi.Tests.csproj", "{808EE3D8-95F3-8972-5359-A4EA87876768}"
EndProject
Global
	GlobalSection(SolutionConfigurationPlatforms) = preSolution
		Debug|Any CPU = Debug|Any CPU
		Release|Any CPU = Release|Any CPU
	EndGlobalSection
	GlobalSection(ProjectConfigurationPlatforms) = postSolution
		{66C7F7C7-750A-FB0B-BA92-08A3E68A017E}.Debug|Any CPU.ActiveCfg = Debug|Any CPU
		{66C7F7C7-750A-FB0B-BA92-08A3E68A017E}.Debug|Any CPU.Build.0 = Debug|Any CPU
		{66C7F7C7-750A-FB0B-BA92-08A3E68A017E}.Release|Any CPU.ActiveCfg = Release|Any CPU
		{66C7F7C7-750A-FB0B-BA92-08A3E68A017E}.Release|Any CPU.Build.0 = Release|Any CPU
		{808EE3D8-95F3-8972-5359-A4EA87876768}.Debug|Any CPU.ActiveCfg = Debug|Any CPU
		{808EE3D8-95F3-8972-5359-A4EA87876768}.Debug|Any CPU.Build.0 = Debug|Any CPU
		{808EE3D8-95F3-8972-5359-A4EA87876768}.Release|Any CPU.ActiveCfg = Release|Any CPU
		{808EE3D8-95F3-8972-5359-A4EA87876768}.Release|Any CPU.Build.0 = Release|Any CPU
	EndGlobalSection
	GlobalSection(SolutionProperties) = preSolution
		HideSolutionNode = FALSE
	EndGlobalSection
	GlobalSection(ExtensibilityGlobals) = postSolution
		SolutionGuid = {F5ACABFB-28E7-4D07-A5FD-C30473D4E4B4}
	EndGlobalSection
EndGlobal
